// !$*UTF8*$!
{
	archiveVersion = 1;
	classes = {
	};
	objectVersion = 46;
	objects = {

/* Begin PBXBuildFile section */
		C31CE6801EB0CCBE0061CBBD /* ChangePasswordViewController.swift in Sources */ = {isa = PBXBuildFile; fileRef = C31CE67F1EB0CCBE0061CBBD /* ChangePasswordViewController.swift */; };
		C3250B141EA64B220095CD8E /* AppDelegate.swift in Sources */ = {isa = PBXBuildFile; fileRef = C3250B131EA64B220095CD8E /* AppDelegate.swift */; };
		C3250B161EA64B220095CD8E /* LoginViewController.swift in Sources */ = {isa = PBXBuildFile; fileRef = C3250B151EA64B220095CD8E /* LoginViewController.swift */; };
		C3250B1B1EA64B220095CD8E /* Assets.xcassets in Resources */ = {isa = PBXBuildFile; fileRef = C3250B1A1EA64B220095CD8E /* Assets.xcassets */; };
		C3250B1E1EA64B220095CD8E /* LaunchScreen.storyboard in Resources */ = {isa = PBXBuildFile; fileRef = C3250B1C1EA64B220095CD8E /* LaunchScreen.storyboard */; };
		C3250B291EA64B230095CD8E /* loginAndRegisterTests.swift in Sources */ = {isa = PBXBuildFile; fileRef = C3250B281EA64B230095CD8E /* loginAndRegisterTests.swift */; };
		C3250B341EA64B230095CD8E /* loginAndRegisterUITests.swift in Sources */ = {isa = PBXBuildFile; fileRef = C3250B331EA64B230095CD8E /* loginAndRegisterUITests.swift */; };
		C3250B431EA64C610095CD8E /* RegisterViewController.swift in Sources */ = {isa = PBXBuildFile; fileRef = C3250B421EA64C610095CD8E /* RegisterViewController.swift */; };
		C3250B451EA64CD50095CD8E /* Router.swift in Sources */ = {isa = PBXBuildFile; fileRef = C3250B441EA64CD50095CD8E /* Router.swift */; };
		C3250B491EA653360095CD8E /* Alamofire.framework in Frameworks */ = {isa = PBXBuildFile; fileRef = C3250B471EA653360095CD8E /* Alamofire.framework */; };
		C3250B4A1EA653360095CD8E /* SwiftyJSON.framework in Frameworks */ = {isa = PBXBuildFile; fileRef = C3250B481EA653360095CD8E /* SwiftyJSON.framework */; };
		C3250B4C1EA653490095CD8E /* Alamofire.framework in CopyFiles */ = {isa = PBXBuildFile; fileRef = C3250B471EA653360095CD8E /* Alamofire.framework */; settings = {ATTRIBUTES = (CodeSignOnCopy, RemoveHeadersOnCopy, ); }; };
		C3250B4D1EA653490095CD8E /* SwiftyJSON.framework in CopyFiles */ = {isa = PBXBuildFile; fileRef = C3250B481EA653360095CD8E /* SwiftyJSON.framework */; settings = {ATTRIBUTES = (CodeSignOnCopy, RemoveHeadersOnCopy, ); }; };
		C3397D671EA9E4C8009003F1 /* AddProductViewController.swift in Sources */ = {isa = PBXBuildFile; fileRef = C3397D661EA9E4C8009003F1 /* AddProductViewController.swift */; };
		C33988CD1F0116CD00D357C9 /* PasswordTextField.framework in CopyFiles */ = {isa = PBXBuildFile; fileRef = C33988CC1F0116CD00D357C9 /* PasswordTextField.framework */; settings = {ATTRIBUTES = (CodeSignOnCopy, RemoveHeadersOnCopy, ); }; };
		C33988CE1F0116F800D357C9 /* PasswordTextField.framework in Frameworks */ = {isa = PBXBuildFile; fileRef = C33988CC1F0116CD00D357C9 /* PasswordTextField.framework */; };
		C355D3171EC5C6F200EC850C /* ProductDetailsViewController.swift in Sources */ = {isa = PBXBuildFile; fileRef = C355D3161EC5C6F200EC850C /* ProductDetailsViewController.swift */; };
		C3795B841ED307C000CEE16B /* Warning.swift in Sources */ = {isa = PBXBuildFile; fileRef = C3795B831ED307C000CEE16B /* Warning.swift */; };
		C37B42211EC9A4B40001540B /* CategoryDetailsTableViewController2.swift in Sources */ = {isa = PBXBuildFile; fileRef = C37B42201EC9A4B40001540B /* CategoryDetailsTableViewController2.swift */; };
		C37C8D3E1EA752E300D8380B /* API.swift in Sources */ = {isa = PBXBuildFile; fileRef = C37C8D3D1EA752E300D8380B /* API.swift */; };
		C37C8D401EA7621800D8380B /* SearchProductViewController.swift in Sources */ = {isa = PBXBuildFile; fileRef = C37C8D3F1EA7621800D8380B /* SearchProductViewController.swift */; };
		C37C8D421EA773A700D8380B /* MTBBarcodeScanner.framework in CopyFiles */ = {isa = PBXBuildFile; fileRef = C37C8D411EA773A700D8380B /* MTBBarcodeScanner.framework */; settings = {ATTRIBUTES = (CodeSignOnCopy, RemoveHeadersOnCopy, ); }; };
		C37C8D431EA773B500D8380B /* MTBBarcodeScanner.framework in Frameworks */ = {isa = PBXBuildFile; fileRef = C37C8D411EA773A700D8380B /* MTBBarcodeScanner.framework */; };
		C382088B1EE14FE60061726E /* TabBarViewController.swift in Sources */ = {isa = PBXBuildFile; fileRef = C382088A1EE14FE60061726E /* TabBarViewController.swift */; };
		C392D2881EF7DF230083AA3A /* CategoryDetailsViewController.swift in Sources */ = {isa = PBXBuildFile; fileRef = C392D2871EF7DF230083AA3A /* CategoryDetailsViewController.swift */; };
		C39912A41F067FC000A75696 /* Haneke.framework in Frameworks */ = {isa = PBXBuildFile; fileRef = C39912A31F067FC000A75696 /* Haneke.framework */; };
		C39912A51F067FC700A75696 /* Haneke.framework in CopyFiles */ = {isa = PBXBuildFile; fileRef = C39912A31F067FC000A75696 /* Haneke.framework */; settings = {ATTRIBUTES = (CodeSignOnCopy, RemoveHeadersOnCopy, ); }; };
		C3AE3CC31EF3C2A90021C081 /* LoginNavigationController.swift in Sources */ = {isa = PBXBuildFile; fileRef = C3AE3CC21EF3C2A90021C081 /* LoginNavigationController.swift */; };
		C3AE3CC51EF3D6BB0021C081 /* SearchProduct2ViewController.swift in Sources */ = {isa = PBXBuildFile; fileRef = C3AE3CC41EF3D6BB0021C081 /* SearchProduct2ViewController.swift */; };
		C3B16BA71EBC832E004DCE29 /* MyJSONProtocol.swift in Sources */ = {isa = PBXBuildFile; fileRef = C3B16BA61EBC832E004DCE29 /* MyJSONProtocol.swift */; };
		C3B16BA91EBC848A004DCE29 /* Category.swift in Sources */ = {isa = PBXBuildFile; fileRef = C3B16BA81EBC848A004DCE29 /* Category.swift */; };
		C3B16BAB1EBC877E004DCE29 /* User.swift in Sources */ = {isa = PBXBuildFile; fileRef = C3B16BAA1EBC877E004DCE29 /* User.swift */; };
		C3B16BAD1EBCB3CB004DCE29 /* Product.swift in Sources */ = {isa = PBXBuildFile; fileRef = C3B16BAC1EBCB3CB004DCE29 /* Product.swift */; };
		C3E2442D1EAE16FF0009D5CC /* ProfileViewController.swift in Sources */ = {isa = PBXBuildFile; fileRef = C3E2442C1EAE16FF0009D5CC /* ProfileViewController.swift */; };
		C3E2D82E1ECF0EE100DA1699 /* ProductDetailsTableViewController.swift in Sources */ = {isa = PBXBuildFile; fileRef = C3E2D82D1ECF0EE100DA1699 /* ProductDetailsTableViewController.swift */; };
		C3F354191EB09E0400EAB032 /* JSQMessages.framework in Frameworks */ = {isa = PBXBuildFile; fileRef = C3F354181EB09E0400EAB032 /* JSQMessages.framework */; };
		C3F3541A1EB09E0C00EAB032 /* JSQMessages.framework in CopyFiles */ = {isa = PBXBuildFile; fileRef = C3F354181EB09E0400EAB032 /* JSQMessages.framework */; settings = {ATTRIBUTES = (CodeSignOnCopy, RemoveHeadersOnCopy, ); }; };
		C3F3541C1EB0A1CC00EAB032 /* IQKeyboardManager.framework in Frameworks */ = {isa = PBXBuildFile; fileRef = C3F3541B1EB0A1CC00EAB032 /* IQKeyboardManager.framework */; };
		C3F3541D1EB0A1D200EAB032 /* IQKeyboardManager.framework in CopyFiles */ = {isa = PBXBuildFile; fileRef = C3F3541B1EB0A1CC00EAB032 /* IQKeyboardManager.framework */; settings = {ATTRIBUTES = (CodeSignOnCopy, RemoveHeadersOnCopy, ); }; };
		C3F82AC51EC5FE8A00F3E4E3 /* Main.storyboard in Resources */ = {isa = PBXBuildFile; fileRef = C3F82AC31EC5FE8A00F3E4E3 /* Main.storyboard */; };
		C3F82AC71EC5FF2300F3E4E3 /* CategoryCell.swift in Sources */ = {isa = PBXBuildFile; fileRef = C3F82AC61EC5FF2300F3E4E3 /* CategoryCell.swift */; };
		C3F82AC91EC5FFB100F3E4E3 /* CategoriesViewController.swift in Sources */ = {isa = PBXBuildFile; fileRef = C3F82AC81EC5FFB100F3E4E3 /* CategoriesViewController.swift */; };
/* End PBXBuildFile section */

/* Begin PBXContainerItemProxy section */
		C3250B251EA64B230095CD8E /* PBXContainerItemProxy */ = {
			isa = PBXContainerItemProxy;
			containerPortal = C3250B081EA64B220095CD8E /* Project object */;
			proxyType = 1;
			remoteGlobalIDString = C3250B0F1EA64B220095CD8E;
			remoteInfo = loginAndRegister;
		};
		C3250B301EA64B230095CD8E /* PBXContainerItemProxy */ = {
			isa = PBXContainerItemProxy;
			containerPortal = C3250B081EA64B220095CD8E /* Project object */;
			proxyType = 1;
			remoteGlobalIDString = C3250B0F1EA64B220095CD8E;
			remoteInfo = loginAndRegister;
		};
/* End PBXContainerItemProxy section */

/* Begin PBXCopyFilesBuildPhase section */
		C3250B4B1EA653400095CD8E /* CopyFiles */ = {
			isa = PBXCopyFilesBuildPhase;
			buildActionMask = 2147483647;
			dstPath = "";
			dstSubfolderSpec = 10;
			files = (
				C39912A51F067FC700A75696 /* Haneke.framework in CopyFiles */,
				C33988CD1F0116CD00D357C9 /* PasswordTextField.framework in CopyFiles */,
				C3F3541D1EB0A1D200EAB032 /* IQKeyboardManager.framework in CopyFiles */,
				C3F3541A1EB09E0C00EAB032 /* JSQMessages.framework in CopyFiles */,
				C37C8D421EA773A700D8380B /* MTBBarcodeScanner.framework in CopyFiles */,
				C3250B4C1EA653490095CD8E /* Alamofire.framework in CopyFiles */,
				C3250B4D1EA653490095CD8E /* SwiftyJSON.framework in CopyFiles */,
			);
			runOnlyForDeploymentPostprocessing = 0;
		};
/* End PBXCopyFilesBuildPhase section */

/* Begin PBXFileReference section */
		C31CE67F1EB0CCBE0061CBBD /* ChangePasswordViewController.swift */ = {isa = PBXFileReference; fileEncoding = 4; lastKnownFileType = sourcecode.swift; path = ChangePasswordViewController.swift; sourceTree = "<group>"; };
		C3250B101EA64B220095CD8E /* loginAndRegister.app */ = {isa = PBXFileReference; explicitFileType = wrapper.application; includeInIndex = 0; path = loginAndRegister.app; sourceTree = BUILT_PRODUCTS_DIR; };
		C3250B131EA64B220095CD8E /* AppDelegate.swift */ = {isa = PBXFileReference; lastKnownFileType = sourcecode.swift; path = AppDelegate.swift; sourceTree = "<group>"; };
		C3250B151EA64B220095CD8E /* LoginViewController.swift */ = {isa = PBXFileReference; lastKnownFileType = sourcecode.swift; path = LoginViewController.swift; sourceTree = "<group>"; };
		C3250B1A1EA64B220095CD8E /* Assets.xcassets */ = {isa = PBXFileReference; lastKnownFileType = folder.assetcatalog; path = Assets.xcassets; sourceTree = "<group>"; };
		C3250B1D1EA64B220095CD8E /* Base */ = {isa = PBXFileReference; lastKnownFileType = file.storyboard; name = Base; path = Base.lproj/LaunchScreen.storyboard; sourceTree = "<group>"; };
		C3250B1F1EA64B220095CD8E /* Info.plist */ = {isa = PBXFileReference; lastKnownFileType = text.plist.xml; path = Info.plist; sourceTree = "<group>"; };
		C3250B241EA64B230095CD8E /* loginAndRegisterTests.xctest */ = {isa = PBXFileReference; explicitFileType = wrapper.cfbundle; includeInIndex = 0; path = loginAndRegisterTests.xctest; sourceTree = BUILT_PRODUCTS_DIR; };
		C3250B281EA64B230095CD8E /* loginAndRegisterTests.swift */ = {isa = PBXFileReference; lastKnownFileType = sourcecode.swift; path = loginAndRegisterTests.swift; sourceTree = "<group>"; };
		C3250B2A1EA64B230095CD8E /* Info.plist */ = {isa = PBXFileReference; lastKnownFileType = text.plist.xml; path = Info.plist; sourceTree = "<group>"; };
		C3250B2F1EA64B230095CD8E /* loginAndRegisterUITests.xctest */ = {isa = PBXFileReference; explicitFileType = wrapper.cfbundle; includeInIndex = 0; path = loginAndRegisterUITests.xctest; sourceTree = BUILT_PRODUCTS_DIR; };
		C3250B331EA64B230095CD8E /* loginAndRegisterUITests.swift */ = {isa = PBXFileReference; lastKnownFileType = sourcecode.swift; path = loginAndRegisterUITests.swift; sourceTree = "<group>"; };
		C3250B351EA64B230095CD8E /* Info.plist */ = {isa = PBXFileReference; lastKnownFileType = text.plist.xml; path = Info.plist; sourceTree = "<group>"; };
		C3250B421EA64C610095CD8E /* RegisterViewController.swift */ = {isa = PBXFileReference; fileEncoding = 4; lastKnownFileType = sourcecode.swift; name = RegisterViewController.swift; path = ../RegisterViewController.swift; sourceTree = "<group>"; };
		C3250B441EA64CD50095CD8E /* Router.swift */ = {isa = PBXFileReference; fileEncoding = 4; lastKnownFileType = sourcecode.swift; name = Router.swift; path = ../Router.swift; sourceTree = "<group>"; };
		C3250B471EA653360095CD8E /* Alamofire.framework */ = {isa = PBXFileReference; lastKnownFileType = wrapper.framework; name = Alamofire.framework; path = Carthage/Build/iOS/Alamofire.framework; sourceTree = "<group>"; };
		C3250B481EA653360095CD8E /* SwiftyJSON.framework */ = {isa = PBXFileReference; lastKnownFileType = wrapper.framework; name = SwiftyJSON.framework; path = Carthage/Build/iOS/SwiftyJSON.framework; sourceTree = "<group>"; };
		C3397D661EA9E4C8009003F1 /* AddProductViewController.swift */ = {isa = PBXFileReference; fileEncoding = 4; lastKnownFileType = sourcecode.swift; name = AddProductViewController.swift; path = ../AddProductViewController.swift; sourceTree = "<group>"; };
		C33988CC1F0116CD00D357C9 /* PasswordTextField.framework */ = {isa = PBXFileReference; lastKnownFileType = wrapper.framework; name = PasswordTextField.framework; path = Carthage/Build/iOS/PasswordTextField.framework; sourceTree = "<group>"; };
		C355D3161EC5C6F200EC850C /* ProductDetailsViewController.swift */ = {isa = PBXFileReference; fileEncoding = 4; lastKnownFileType = sourcecode.swift; name = ProductDetailsViewController.swift; path = ../ProductDetailsViewController.swift; sourceTree = "<group>"; };
		C3795B831ED307C000CEE16B /* Warning.swift */ = {isa = PBXFileReference; fileEncoding = 4; lastKnownFileType = sourcecode.swift; path = Warning.swift; sourceTree = "<group>"; };
		C37B42201EC9A4B40001540B /* CategoryDetailsTableViewController2.swift */ = {isa = PBXFileReference; fileEncoding = 4; lastKnownFileType = sourcecode.swift; name = CategoryDetailsTableViewController2.swift; path = ../CategoryDetailsTableViewController2.swift; sourceTree = "<group>"; };
		C37C8D3D1EA752E300D8380B /* API.swift */ = {isa = PBXFileReference; fileEncoding = 4; lastKnownFileType = sourcecode.swift; name = API.swift; path = ../API.swift; sourceTree = "<group>"; };
		C37C8D3F1EA7621800D8380B /* SearchProductViewController.swift */ = {isa = PBXFileReference; fileEncoding = 4; lastKnownFileType = sourcecode.swift; name = SearchProductViewController.swift; path = ../SearchProductViewController.swift; sourceTree = "<group>"; };
		C37C8D411EA773A700D8380B /* MTBBarcodeScanner.framework */ = {isa = PBXFileReference; lastKnownFileType = wrapper.framework; name = MTBBarcodeScanner.framework; path = Carthage/Build/iOS/MTBBarcodeScanner.framework; sourceTree = "<group>"; };
		C382088A1EE14FE60061726E /* TabBarViewController.swift */ = {isa = PBXFileReference; fileEncoding = 4; lastKnownFileType = sourcecode.swift; name = TabBarViewController.swift; path = ../TabBarViewController.swift; sourceTree = "<group>"; };
		C392D2871EF7DF230083AA3A /* CategoryDetailsViewController.swift */ = {isa = PBXFileReference; fileEncoding = 4; lastKnownFileType = sourcecode.swift; path = CategoryDetailsViewController.swift; sourceTree = "<group>"; };
		C39912A31F067FC000A75696 /* Haneke.framework */ = {isa = PBXFileReference; lastKnownFileType = wrapper.framework; name = Haneke.framework; path = Carthage/Build/iOS/Haneke.framework; sourceTree = "<group>"; };
		C3AE3CC21EF3C2A90021C081 /* LoginNavigationController.swift */ = {isa = PBXFileReference; fileEncoding = 4; lastKnownFileType = sourcecode.swift; name = LoginNavigationController.swift; path = ../LoginNavigationController.swift; sourceTree = "<group>"; };
		C3AE3CC41EF3D6BB0021C081 /* SearchProduct2ViewController.swift */ = {isa = PBXFileReference; fileEncoding = 4; lastKnownFileType = sourcecode.swift; path = SearchProduct2ViewController.swift; sourceTree = "<group>"; };
		C3B16BA61EBC832E004DCE29 /* MyJSONProtocol.swift */ = {isa = PBXFileReference; fileEncoding = 4; lastKnownFileType = sourcecode.swift; path = MyJSONProtocol.swift; sourceTree = "<group>"; };
		C3B16BA81EBC848A004DCE29 /* Category.swift */ = {isa = PBXFileReference; fileEncoding = 4; lastKnownFileType = sourcecode.swift; name = Category.swift; path = ../Category.swift; sourceTree = "<group>"; };
		C3B16BAA1EBC877E004DCE29 /* User.swift */ = {isa = PBXFileReference; fileEncoding = 4; lastKnownFileType = sourcecode.swift; path = User.swift; sourceTree = "<group>"; };
		C3B16BAC1EBCB3CB004DCE29 /* Product.swift */ = {isa = PBXFileReference; fileEncoding = 4; lastKnownFileType = sourcecode.swift; path = Product.swift; sourceTree = "<group>"; };
		C3E2442C1EAE16FF0009D5CC /* ProfileViewController.swift */ = {isa = PBXFileReference; fileEncoding = 4; lastKnownFileType = sourcecode.swift; name = ProfileViewController.swift; path = ../ProfileViewController.swift; sourceTree = "<group>"; };
		C3E2D82D1ECF0EE100DA1699 /* ProductDetailsTableViewController.swift */ = {isa = PBXFileReference; fileEncoding = 4; lastKnownFileType = sourcecode.swift; name = ProductDetailsTableViewController.swift; path = ../ProductDetailsTableViewController.swift; sourceTree = "<group>"; };
		C3F354181EB09E0400EAB032 /* JSQMessages.framework */ = {isa = PBXFileReference; lastKnownFileType = wrapper.framework; name = JSQMessages.framework; path = Carthage/Build/iOS/JSQMessages.framework; sourceTree = "<group>"; };
		C3F3541B1EB0A1CC00EAB032 /* IQKeyboardManager.framework */ = {isa = PBXFileReference; lastKnownFileType = wrapper.framework; name = IQKeyboardManager.framework; path = Carthage/Build/iOS/IQKeyboardManager.framework; sourceTree = "<group>"; };
		C3F82AC41EC5FE8A00F3E4E3 /* Base */ = {isa = PBXFileReference; lastKnownFileType = file.storyboard; name = Base; path = Base.lproj/Main.storyboard; sourceTree = "<group>"; };
		C3F82AC61EC5FF2300F3E4E3 /* CategoryCell.swift */ = {isa = PBXFileReference; fileEncoding = 4; lastKnownFileType = sourcecode.swift; name = CategoryCell.swift; path = ../CategoryCell.swift; sourceTree = "<group>"; };
		C3F82AC81EC5FFB100F3E4E3 /* CategoriesViewController.swift */ = {isa = PBXFileReference; fileEncoding = 4; lastKnownFileType = sourcecode.swift; name = CategoriesViewController.swift; path = ../CategoriesViewController.swift; sourceTree = "<group>"; };
/* End PBXFileReference section */

/* Begin PBXFrameworksBuildPhase section */
		C3250B0D1EA64B220095CD8E /* Frameworks */ = {
			isa = PBXFrameworksBuildPhase;
			buildActionMask = 2147483647;
			files = (
				C39912A41F067FC000A75696 /* Haneke.framework in Frameworks */,
				C33988CE1F0116F800D357C9 /* PasswordTextField.framework in Frameworks */,
				C3F3541C1EB0A1CC00EAB032 /* IQKeyboardManager.framework in Frameworks */,
				C3F354191EB09E0400EAB032 /* JSQMessages.framework in Frameworks */,
				C37C8D431EA773B500D8380B /* MTBBarcodeScanner.framework in Frameworks */,
				C3250B491EA653360095CD8E /* Alamofire.framework in Frameworks */,
				C3250B4A1EA653360095CD8E /* SwiftyJSON.framework in Frameworks */,
			);
			runOnlyForDeploymentPostprocessing = 0;
		};
		C3250B211EA64B230095CD8E /* Frameworks */ = {
			isa = PBXFrameworksBuildPhase;
			buildActionMask = 2147483647;
			files = (
			);
			runOnlyForDeploymentPostprocessing = 0;
		};
		C3250B2C1EA64B230095CD8E /* Frameworks */ = {
			isa = PBXFrameworksBuildPhase;
			buildActionMask = 2147483647;
			files = (
			);
			runOnlyForDeploymentPostprocessing = 0;
		};
/* End PBXFrameworksBuildPhase section */

/* Begin PBXGroup section */
		C3250B071EA64B220095CD8E = {
			isa = PBXGroup;
			children = (
				C3250B121EA64B220095CD8E /* loginAndRegister */,
				C3250B271EA64B230095CD8E /* loginAndRegisterTests */,
				C3250B321EA64B230095CD8E /* loginAndRegisterUITests */,
				C3250B111EA64B220095CD8E /* Products */,
				C3250B461EA653360095CD8E /* Frameworks */,
			);
			sourceTree = "<group>";
		};
		C3250B111EA64B220095CD8E /* Products */ = {
			isa = PBXGroup;
			children = (
				C3250B101EA64B220095CD8E /* loginAndRegister.app */,
				C3250B241EA64B230095CD8E /* loginAndRegisterTests.xctest */,
				C3250B2F1EA64B230095CD8E /* loginAndRegisterUITests.xctest */,
			);
			name = Products;
			sourceTree = "<group>";
		};
		C3250B121EA64B220095CD8E /* loginAndRegister */ = {
			isa = PBXGroup;
			children = (
				C3250B411EA64B3E0095CD8E /* support */,
				C3B16BA51EBC5D0D004DCE29 /* product */,
				C3F82AC01EC5ECDD00F3E4E3 /* category */,
				C3B16BA41EBC5CF8004DCE29 /* user */,
				C37C8D3D1EA752E300D8380B /* API.swift */,
				C3B16BA61EBC832E004DCE29 /* MyJSONProtocol.swift */,
				C3250B441EA64CD50095CD8E /* Router.swift */,
				C382088A1EE14FE60061726E /* TabBarViewController.swift */,
				C3AE3CC21EF3C2A90021C081 /* LoginNavigationController.swift */,
			);
			path = loginAndRegister;
			sourceTree = "<group>";
		};
		C3250B271EA64B230095CD8E /* loginAndRegisterTests */ = {
			isa = PBXGroup;
			children = (
				C3250B281EA64B230095CD8E /* loginAndRegisterTests.swift */,
				C3250B2A1EA64B230095CD8E /* Info.plist */,
			);
			path = loginAndRegisterTests;
			sourceTree = "<group>";
		};
		C3250B321EA64B230095CD8E /* loginAndRegisterUITests */ = {
			isa = PBXGroup;
			children = (
				C3250B331EA64B230095CD8E /* loginAndRegisterUITests.swift */,
				C3250B351EA64B230095CD8E /* Info.plist */,
			);
			path = loginAndRegisterUITests;
			sourceTree = "<group>";
		};
		C3250B411EA64B3E0095CD8E /* support */ = {
			isa = PBXGroup;
			children = (
				C3250B131EA64B220095CD8E /* AppDelegate.swift */,
				C3250B1A1EA64B220095CD8E /* Assets.xcassets */,
				C3F82AC31EC5FE8A00F3E4E3 /* Main.storyboard */,
				C3250B1C1EA64B220095CD8E /* LaunchScreen.storyboard */,
				C3250B1F1EA64B220095CD8E /* Info.plist */,
			);
			name = support;
			sourceTree = "<group>";
		};
		C3250B461EA653360095CD8E /* Frameworks */ = {
			isa = PBXGroup;
			children = (
				C39912A31F067FC000A75696 /* Haneke.framework */,
				C33988CC1F0116CD00D357C9 /* PasswordTextField.framework */,
				C3F3541B1EB0A1CC00EAB032 /* IQKeyboardManager.framework */,
				C3F354181EB09E0400EAB032 /* JSQMessages.framework */,
				C37C8D411EA773A700D8380B /* MTBBarcodeScanner.framework */,
				C3250B471EA653360095CD8E /* Alamofire.framework */,
				C3250B481EA653360095CD8E /* SwiftyJSON.framework */,
			);
			name = Frameworks;
			sourceTree = "<group>";
		};
		C3B16BA41EBC5CF8004DCE29 /* user */ = {
			isa = PBXGroup;
			children = (
				C3250B151EA64B220095CD8E /* LoginViewController.swift */,
				C3250B421EA64C610095CD8E /* RegisterViewController.swift */,
				C3B16BAA1EBC877E004DCE29 /* User.swift */,
				C3E2442C1EAE16FF0009D5CC /* ProfileViewController.swift */,
				C31CE67F1EB0CCBE0061CBBD /* ChangePasswordViewController.swift */,
				C3795B831ED307C000CEE16B /* Warning.swift */,
			);
			name = user;
			sourceTree = "<group>";
		};
		C3B16BA51EBC5D0D004DCE29 /* product */ = {
			isa = PBXGroup;
			children = (
				C3397D661EA9E4C8009003F1 /* AddProductViewController.swift */,
				C37C8D3F1EA7621800D8380B /* SearchProductViewController.swift */,
				C3E2D82D1ECF0EE100DA1699 /* ProductDetailsTableViewController.swift */,
				C355D3161EC5C6F200EC850C /* ProductDetailsViewController.swift */,
				C3B16BAC1EBCB3CB004DCE29 /* Product.swift */,
				C3AE3CC41EF3D6BB0021C081 /* SearchProduct2ViewController.swift */,
			);
			name = product;
			sourceTree = "<group>";
		};
		C3F82AC01EC5ECDD00F3E4E3 /* category */ = {
			isa = PBXGroup;
			children = (
				C3B16BA81EBC848A004DCE29 /* Category.swift */,
				C37B42201EC9A4B40001540B /* CategoryDetailsTableViewController2.swift */,
				C3F82AC81EC5FFB100F3E4E3 /* CategoriesViewController.swift */,
				C3F82AC61EC5FF2300F3E4E3 /* CategoryCell.swift */,
				C392D2871EF7DF230083AA3A /* CategoryDetailsViewController.swift */,
			);
			name = category;
			sourceTree = "<group>";
		};
/* End PBXGroup section */

/* Begin PBXNativeTarget section */
		C3250B0F1EA64B220095CD8E /* loginAndRegister */ = {
			isa = PBXNativeTarget;
			buildConfigurationList = C3250B381EA64B230095CD8E /* Build configuration list for PBXNativeTarget "loginAndRegister" */;
			buildPhases = (
				C3250B0C1EA64B220095CD8E /* Sources */,
				C3250B0D1EA64B220095CD8E /* Frameworks */,
				C3250B0E1EA64B220095CD8E /* Resources */,
				C3250B4B1EA653400095CD8E /* CopyFiles */,
			);
			buildRules = (
			);
			dependencies = (
			);
			name = loginAndRegister;
			productName = loginAndRegister;
			productReference = C3250B101EA64B220095CD8E /* loginAndRegister.app */;
			productType = "com.apple.product-type.application";
		};
		C3250B231EA64B230095CD8E /* loginAndRegisterTests */ = {
			isa = PBXNativeTarget;
			buildConfigurationList = C3250B3B1EA64B230095CD8E /* Build configuration list for PBXNativeTarget "loginAndRegisterTests" */;
			buildPhases = (
				C3250B201EA64B230095CD8E /* Sources */,
				C3250B211EA64B230095CD8E /* Frameworks */,
				C3250B221EA64B230095CD8E /* Resources */,
			);
			buildRules = (
			);
			dependencies = (
				C3250B261EA64B230095CD8E /* PBXTargetDependency */,
			);
			name = loginAndRegisterTests;
			productName = loginAndRegisterTests;
			productReference = C3250B241EA64B230095CD8E /* loginAndRegisterTests.xctest */;
			productType = "com.apple.product-type.bundle.unit-test";
		};
		C3250B2E1EA64B230095CD8E /* loginAndRegisterUITests */ = {
			isa = PBXNativeTarget;
			buildConfigurationList = C3250B3E1EA64B230095CD8E /* Build configuration list for PBXNativeTarget "loginAndRegisterUITests" */;
			buildPhases = (
				C3250B2B1EA64B230095CD8E /* Sources */,
				C3250B2C1EA64B230095CD8E /* Frameworks */,
				C3250B2D1EA64B230095CD8E /* Resources */,
			);
			buildRules = (
			);
			dependencies = (
				C3250B311EA64B230095CD8E /* PBXTargetDependency */,
			);
			name = loginAndRegisterUITests;
			productName = loginAndRegisterUITests;
			productReference = C3250B2F1EA64B230095CD8E /* loginAndRegisterUITests.xctest */;
			productType = "com.apple.product-type.bundle.ui-testing";
		};
/* End PBXNativeTarget section */

/* Begin PBXProject section */
		C3250B081EA64B220095CD8E /* Project object */ = {
			isa = PBXProject;
			attributes = {
				LastSwiftUpdateCheck = 0820;
				LastUpgradeCheck = 0820;
				ORGANIZATIONNAME = "Ewa Korszaczuk";
				TargetAttributes = {
					C3250B0F1EA64B220095CD8E = {
						CreatedOnToolsVersion = 8.2.1;
						DevelopmentTeam = K6HTDHMS83;
						ProvisioningStyle = Automatic;
					};
					C3250B231EA64B230095CD8E = {
						CreatedOnToolsVersion = 8.2.1;
						DevelopmentTeam = K6HTDHMS83;
						ProvisioningStyle = Automatic;
						TestTargetID = C3250B0F1EA64B220095CD8E;
					};
					C3250B2E1EA64B230095CD8E = {
						CreatedOnToolsVersion = 8.2.1;
						DevelopmentTeam = K6HTDHMS83;
						ProvisioningStyle = Automatic;
						TestTargetID = C3250B0F1EA64B220095CD8E;
					};
				};
			};
			buildConfigurationList = C3250B0B1EA64B220095CD8E /* Build configuration list for PBXProject "loginAndRegister" */;
			compatibilityVersion = "Xcode 3.2";
			developmentRegion = English;
			hasScannedForEncodings = 0;
			knownRegions = (
				en,
				Base,
			);
			mainGroup = C3250B071EA64B220095CD8E;
			productRefGroup = C3250B111EA64B220095CD8E /* Products */;
			projectDirPath = "";
			projectRoot = "";
			targets = (
				C3250B0F1EA64B220095CD8E /* loginAndRegister */,
				C3250B231EA64B230095CD8E /* loginAndRegisterTests */,
				C3250B2E1EA64B230095CD8E /* loginAndRegisterUITests */,
			);
		};
/* End PBXProject section */

/* Begin PBXResourcesBuildPhase section */
		C3250B0E1EA64B220095CD8E /* Resources */ = {
			isa = PBXResourcesBuildPhase;
			buildActionMask = 2147483647;
			files = (
				C3F82AC51EC5FE8A00F3E4E3 /* Main.storyboard in Resources */,
				C3250B1E1EA64B220095CD8E /* LaunchScreen.storyboard in Resources */,
				C3250B1B1EA64B220095CD8E /* Assets.xcassets in Resources */,
			);
			runOnlyForDeploymentPostprocessing = 0;
		};
		C3250B221EA64B230095CD8E /* Resources */ = {
			isa = PBXResourcesBuildPhase;
			buildActionMask = 2147483647;
			files = (
			);
			runOnlyForDeploymentPostprocessing = 0;
		};
		C3250B2D1EA64B230095CD8E /* Resources */ = {
			isa = PBXResourcesBuildPhase;
			buildActionMask = 2147483647;
			files = (
			);
			runOnlyForDeploymentPostprocessing = 0;
		};
/* End PBXResourcesBuildPhase section */

/* Begin PBXSourcesBuildPhase section */
		C3250B0C1EA64B220095CD8E /* Sources */ = {
			isa = PBXSourcesBuildPhase;
			buildActionMask = 2147483647;
			files = (
				C3F82AC71EC5FF2300F3E4E3 /* CategoryCell.swift in Sources */,
				C31CE6801EB0CCBE0061CBBD /* ChangePasswordViewController.swift in Sources */,
				C3AE3CC51EF3D6BB0021C081 /* SearchProduct2ViewController.swift in Sources */,
				C382088B1EE14FE60061726E /* TabBarViewController.swift in Sources */,
				C37C8D401EA7621800D8380B /* SearchProductViewController.swift in Sources */,
				C3397D671EA9E4C8009003F1 /* AddProductViewController.swift in Sources */,
				C3E2D82E1ECF0EE100DA1699 /* ProductDetailsTableViewController.swift in Sources */,
				C3250B451EA64CD50095CD8E /* Router.swift in Sources */,
				C3AE3CC31EF3C2A90021C081 /* LoginNavigationController.swift in Sources */,
				C3250B431EA64C610095CD8E /* RegisterViewController.swift in Sources */,
				C3250B161EA64B220095CD8E /* LoginViewController.swift in Sources */,
				C3250B141EA64B220095CD8E /* AppDelegate.swift in Sources */,
				C3E2442D1EAE16FF0009D5CC /* ProfileViewController.swift in Sources */,
				C3B16BA91EBC848A004DCE29 /* Category.swift in Sources */,
				C355D3171EC5C6F200EC850C /* ProductDetailsViewController.swift in Sources */,
				C3B16BAB1EBC877E004DCE29 /* User.swift in Sources */,
				C3F82AC91EC5FFB100F3E4E3 /* CategoriesViewController.swift in Sources */,
				C3B16BAD1EBCB3CB004DCE29 /* Product.swift in Sources */,
				C3B16BA71EBC832E004DCE29 /* MyJSONProtocol.swift in Sources */,
				C37C8D3E1EA752E300D8380B /* API.swift in Sources */,
				C37B42211EC9A4B40001540B /* CategoryDetailsTableViewController2.swift in Sources */,
				C392D2881EF7DF230083AA3A /* CategoryDetailsViewController.swift in Sources */,
				C3795B841ED307C000CEE16B /* Warning.swift in Sources */,
			);
			runOnlyForDeploymentPostprocessing = 0;
		};
		C3250B201EA64B230095CD8E /* Sources */ = {
			isa = PBXSourcesBuildPhase;
			buildActionMask = 2147483647;
			files = (
				C3250B291EA64B230095CD8E /* loginAndRegisterTests.swift in Sources */,
			);
			runOnlyForDeploymentPostprocessing = 0;
		};
		C3250B2B1EA64B230095CD8E /* Sources */ = {
			isa = PBXSourcesBuildPhase;
			buildActionMask = 2147483647;
			files = (
				C3250B341EA64B230095CD8E /* loginAndRegisterUITests.swift in Sources */,
			);
			runOnlyForDeploymentPostprocessing = 0;
		};
/* End PBXSourcesBuildPhase section */

/* Begin PBXTargetDependency section */
		C3250B261EA64B230095CD8E /* PBXTargetDependency */ = {
			isa = PBXTargetDependency;
			target = C3250B0F1EA64B220095CD8E /* loginAndRegister */;
			targetProxy = C3250B251EA64B230095CD8E /* PBXContainerItemProxy */;
		};
		C3250B311EA64B230095CD8E /* PBXTargetDependency */ = {
			isa = PBXTargetDependency;
			target = C3250B0F1EA64B220095CD8E /* loginAndRegister */;
			targetProxy = C3250B301EA64B230095CD8E /* PBXContainerItemProxy */;
		};
/* End PBXTargetDependency section */

/* Begin PBXVariantGroup section */
		C3250B1C1EA64B220095CD8E /* LaunchScreen.storyboard */ = {
			isa = PBXVariantGroup;
			children = (
				C3250B1D1EA64B220095CD8E /* Base */,
			);
			name = LaunchScreen.storyboard;
			sourceTree = "<group>";
		};
		C3F82AC31EC5FE8A00F3E4E3 /* Main.storyboard */ = {
			isa = PBXVariantGroup;
			children = (
				C3F82AC41EC5FE8A00F3E4E3 /* Base */,
			);
			name = Main.storyboard;
			sourceTree = "<group>";
		};
/* End PBXVariantGroup section */

/* Begin XCBuildConfiguration section */
		C3250B361EA64B230095CD8E /* Debug */ = {
			isa = XCBuildConfiguration;
			buildSettings = {
				ALWAYS_SEARCH_USER_PATHS = NO;
				CLANG_ANALYZER_NONNULL = YES;
				CLANG_CXX_LANGUAGE_STANDARD = "gnu++0x";
				CLANG_CXX_LIBRARY = "libc++";
				CLANG_ENABLE_MODULES = YES;
				CLANG_ENABLE_OBJC_ARC = YES;
				CLANG_WARN_BOOL_CONVERSION = YES;
				CLANG_WARN_CONSTANT_CONVERSION = YES;
				CLANG_WARN_DIRECT_OBJC_ISA_USAGE = YES_ERROR;
				CLANG_WARN_DOCUMENTATION_COMMENTS = YES;
				CLANG_WARN_EMPTY_BODY = YES;
				CLANG_WARN_ENUM_CONVERSION = YES;
				CLANG_WARN_INFINITE_RECURSION = YES;
				CLANG_WARN_INT_CONVERSION = YES;
				CLANG_WARN_OBJC_ROOT_CLASS = YES_ERROR;
				CLANG_WARN_SUSPICIOUS_MOVE = YES;
				CLANG_WARN_UNREACHABLE_CODE = YES;
				CLANG_WARN__DUPLICATE_METHOD_MATCH = YES;
				"CODE_SIGN_IDENTITY[sdk=iphoneos*]" = "iPhone Developer";
				COPY_PHASE_STRIP = NO;
				DEBUG_INFORMATION_FORMAT = dwarf;
				ENABLE_STRICT_OBJC_MSGSEND = YES;
				ENABLE_TESTABILITY = YES;
				GCC_C_LANGUAGE_STANDARD = gnu99;
				GCC_DYNAMIC_NO_PIC = NO;
				GCC_NO_COMMON_BLOCKS = YES;
				GCC_OPTIMIZATION_LEVEL = 0;
				GCC_PREPROCESSOR_DEFINITIONS = (
					"DEBUG=1",
					"$(inherited)",
				);
				GCC_WARN_64_TO_32_BIT_CONVERSION = YES;
				GCC_WARN_ABOUT_RETURN_TYPE = YES_ERROR;
				GCC_WARN_UNDECLARED_SELECTOR = YES;
				GCC_WARN_UNINITIALIZED_AUTOS = YES_AGGRESSIVE;
				GCC_WARN_UNUSED_FUNCTION = YES;
				GCC_WARN_UNUSED_VARIABLE = YES;
				IPHONEOS_DEPLOYMENT_TARGET = 10.2;
				MTL_ENABLE_DEBUG_INFO = YES;
				ONLY_ACTIVE_ARCH = YES;
				SDKROOT = iphoneos;
				SWIFT_ACTIVE_COMPILATION_CONDITIONS = DEBUG;
				SWIFT_OPTIMIZATION_LEVEL = "-Onone";
			};
			name = Debug;
		};
		C3250B371EA64B230095CD8E /* Release */ = {
			isa = XCBuildConfiguration;
			buildSettings = {
				ALWAYS_SEARCH_USER_PATHS = NO;
				CLANG_ANALYZER_NONNULL = YES;
				CLANG_CXX_LANGUAGE_STANDARD = "gnu++0x";
				CLANG_CXX_LIBRARY = "libc++";
				CLANG_ENABLE_MODULES = YES;
				CLANG_ENABLE_OBJC_ARC = YES;
				CLANG_WARN_BOOL_CONVERSION = YES;
				CLANG_WARN_CONSTANT_CONVERSION = YES;
				CLANG_WARN_DIRECT_OBJC_ISA_USAGE = YES_ERROR;
				CLANG_WARN_DOCUMENTATION_COMMENTS = YES;
				CLANG_WARN_EMPTY_BODY = YES;
				CLANG_WARN_ENUM_CONVERSION = YES;
				CLANG_WARN_INFINITE_RECURSION = YES;
				CLANG_WARN_INT_CONVERSION = YES;
				CLANG_WARN_OBJC_ROOT_CLASS = YES_ERROR;
				CLANG_WARN_SUSPICIOUS_MOVE = YES;
				CLANG_WARN_UNREACHABLE_CODE = YES;
				CLANG_WARN__DUPLICATE_METHOD_MATCH = YES;
				"CODE_SIGN_IDENTITY[sdk=iphoneos*]" = "iPhone Developer";
				COPY_PHASE_STRIP = NO;
				DEBUG_INFORMATION_FORMAT = "dwarf-with-dsym";
				ENABLE_NS_ASSERTIONS = NO;
				ENABLE_STRICT_OBJC_MSGSEND = YES;
				GCC_C_LANGUAGE_STANDARD = gnu99;
				GCC_NO_COMMON_BLOCKS = YES;
				GCC_WARN_64_TO_32_BIT_CONVERSION = YES;
				GCC_WARN_ABOUT_RETURN_TYPE = YES_ERROR;
				GCC_WARN_UNDECLARED_SELECTOR = YES;
				GCC_WARN_UNINITIALIZED_AUTOS = YES_AGGRESSIVE;
				GCC_WARN_UNUSED_FUNCTION = YES;
				GCC_WARN_UNUSED_VARIABLE = YES;
				IPHONEOS_DEPLOYMENT_TARGET = 10.2;
				MTL_ENABLE_DEBUG_INFO = NO;
				SDKROOT = iphoneos;
				SWIFT_OPTIMIZATION_LEVEL = "-Owholemodule";
				VALIDATE_PRODUCT = YES;
			};
			name = Release;
		};
		C3250B391EA64B230095CD8E /* Debug */ = {
			isa = XCBuildConfiguration;
			buildSettings = {
				ASSETCATALOG_COMPILER_APPICON_NAME = AppIcon;
				DEVELOPMENT_TEAM = K6HTDHMS83;
				FRAMEWORK_SEARCH_PATHS = (
					"$(inherited)",
					"$(PROJECT_DIR)/Carthage/Build/iOS",
				);
				INFOPLIST_FILE = loginAndRegister/Info.plist;
				LD_RUNPATH_SEARCH_PATHS = "$(inherited) @executable_path/Frameworks";
				PRODUCT_BUNDLE_IDENTIFIER = loginAndRegister.loginAndRegister;
				PRODUCT_NAME = "$(TARGET_NAME)";
				SWIFT_VERSION = 3.0;
			};
			name = Debug;
		};
		C3250B3A1EA64B230095CD8E /* Release */ = {
			isa = XCBuildConfiguration;
			buildSettings = {
				ASSETCATALOG_COMPILER_APPICON_NAME = AppIcon;
				DEVELOPMENT_TEAM = K6HTDHMS83;
				FRAMEWORK_SEARCH_PATHS = (
					"$(inherited)",
					"$(PROJECT_DIR)/Carthage/Build/iOS",
				);
				INFOPLIST_FILE = loginAndRegister/Info.plist;
				LD_RUNPATH_SEARCH_PATHS = "$(inherited) @executable_path/Frameworks";
				PRODUCT_BUNDLE_IDENTIFIER = loginAndRegister.loginAndRegister;
				PRODUCT_NAME = "$(TARGET_NAME)";
				SWIFT_VERSION = 3.0;
			};
			name = Release;
		};
		C3250B3C1EA64B230095CD8E /* Debug */ = {
			isa = XCBuildConfiguration;
			buildSettings = {
				ALWAYS_EMBED_SWIFT_STANDARD_LIBRARIES = YES;
				BUNDLE_LOADER = "$(TEST_HOST)";
				DEVELOPMENT_TEAM = K6HTDHMS83;
				INFOPLIST_FILE = loginAndRegisterTests/Info.plist;
				LD_RUNPATH_SEARCH_PATHS = "$(inherited) @executable_path/Frameworks @loader_path/Frameworks";
				PRODUCT_BUNDLE_IDENTIFIER = loginAndRegister.loginAndRegisterTests;
				PRODUCT_NAME = "$(TARGET_NAME)";
				SWIFT_VERSION = 3.0;
				TEST_HOST = "$(BUILT_PRODUCTS_DIR)/loginAndRegister.app/loginAndRegister";
			};
			name = Debug;
		};
		C3250B3D1EA64B230095CD8E /* Release */ = {
			isa = XCBuildConfiguration;
			buildSettings = {
				ALWAYS_EMBED_SWIFT_STANDARD_LIBRARIES = YES;
				BUNDLE_LOADER = "$(TEST_HOST)";
				DEVELOPMENT_TEAM = K6HTDHMS83;
				INFOPLIST_FILE = loginAndRegisterTests/Info.plist;
				LD_RUNPATH_SEARCH_PATHS = "$(inherited) @executable_path/Frameworks @loader_path/Frameworks";
				PRODUCT_BUNDLE_IDENTIFIER = loginAndRegister.loginAndRegisterTests;
				PRODUCT_NAME = "$(TARGET_NAME)";
				SWIFT_VERSION = 3.0;
				TEST_HOST = "$(BUILT_PRODUCTS_DIR)/loginAndRegister.app/loginAndRegister";
			};
			name = Release;
		};
		C3250B3F1EA64B230095CD8E /* Debug */ = {
			isa = XCBuildConfiguration;
			buildSettings = {
				ALWAYS_EMBED_SWIFT_STANDARD_LIBRARIES = YES;
				DEVELOPMENT_TEAM = K6HTDHMS83;
				INFOPLIST_FILE = loginAndRegisterUITests/Info.plist;
				LD_RUNPATH_SEARCH_PATHS = "$(inherited) @executable_path/Frameworks @loader_path/Frameworks";
				PRODUCT_BUNDLE_IDENTIFIER = loginAndRegister.loginAndRegisterUITests;
				PRODUCT_NAME = "$(TARGET_NAME)";
				SWIFT_VERSION = 3.0;
				TEST_TARGET_NAME = loginAndRegister;
			};
			name = Debug;
		};
		C3250B401EA64B230095CD8E /* Release */ = {
			isa = XCBuildConfiguration;
			buildSettings = {
				ALWAYS_EMBED_SWIFT_STANDARD_LIBRARIES = YES;
				DEVELOPMENT_TEAM = K6HTDHMS83;
				INFOPLIST_FILE = loginAndRegisterUITests/Info.plist;
				LD_RUNPATH_SEARCH_PATHS = "$(inherited) @executable_path/Frameworks @loader_path/Frameworks";
				PRODUCT_BUNDLE_IDENTIFIER = loginAndRegister.loginAndRegisterUITests;
				PRODUCT_NAME = "$(TARGET_NAME)";
				SWIFT_VERSION = 3.0;
				TEST_TARGET_NAME = loginAndRegister;
			};
			name = Release;
		};
/* End XCBuildConfiguration section */

/* Begin XCConfigurationList section */
		C3250B0B1EA64B220095CD8E /* Build configuration list for PBXProject "loginAndRegister" */ = {
			isa = XCConfigurationList;
			buildConfigurations = (
				C3250B361EA64B230095CD8E /* Debug */,
				C3250B371EA64B230095CD8E /* Release */,
			);
			defaultConfigurationIsVisible = 0;
			defaultConfigurationName = Release;
		};
		C3250B381EA64B230095CD8E /* Build configuration list for PBXNativeTarget "loginAndRegister" */ = {
			isa = XCConfigurationList;
			buildConfigurations = (
				C3250B391EA64B230095CD8E /* Debug */,
				C3250B3A1EA64B230095CD8E /* Release */,
			);
			defaultConfigurationIsVisible = 0;
			defaultConfigurationName = Release;
		};
		C3250B3B1EA64B230095CD8E /* Build configuration list for PBXNativeTarget "loginAndRegisterTests" */ = {
			isa = XCConfigurationList;
			buildConfigurations = (
				C3250B3C1EA64B230095CD8E /* Debug */,
				C3250B3D1EA64B230095CD8E /* Release */,
			);
			defaultConfigurationIsVisible = 0;
			defaultConfigurationName = Release;
		};
		C3250B3E1EA64B230095CD8E /* Build configuration list for PBXNativeTarget "loginAndRegisterUITests" */ = {
			isa = XCConfigurationList;
			buildConfigurations = (
				C3250B3F1EA64B230095CD8E /* Debug */,
				C3250B401EA64B230095CD8E /* Release */,
			);
			defaultConfigurationIsVisible = 0;
			defaultConfigurationName = Release;
		};
/* End XCConfigurationList section */
	};
	rootObject = C3250B081EA64B220095CD8E /* Project object */;
}
